
Microsoft Visual Studio Solution File, Format Version 12.00
# Visual Studio 14
VisualStudioVersion = 14.0.25123.0
MinimumVisualStudioVersion = 10.0.40219.1
Project("{FAE04EC0-301F-11D3-BF4B-00C04F79EFBC}") = "Odoo.Integration.Service", "Odoo.Integration.Service\Odoo.Integration.Service.csproj", "{AA07243E-2225-4475-82B3-CD1BFA831FC6}"
EndProject
Project("{FAE04EC0-301F-11D3-BF4B-00C04F79EFBC}") = "Odoo.Integration.Test", "Odoo.Integration.Test\Odoo.Integration.Test.csproj", "{9F2AAFC8-B4A2-49A0-8E1F-7283E3DE0D67}"
EndProject
Global
	GlobalSection(SolutionConfigurationPlatforms) = preSolution
		Debug|Any CPU = Debug|Any CPU
		Release|Any CPU = Release|Any CPU
	EndGlobalSection
	GlobalSection(ProjectConfigurationPlatforms) = postSolution
		{AA07243E-2225-4475-82B3-CD1BFA831FC6}.Debug|Any CPU.ActiveCfg = Debug|Any CPU
		{AA07243E-2225-4475-82B3-CD1BFA831FC6}.Debug|Any CPU.Build.0 = Debug|Any CPU
		{AA07243E-2225-4475-82B3-CD1BFA831FC6}.Release|Any CPU.ActiveCfg = Release|Any CPU
		{AA07243E-2225-4475-82B3-CD1BFA831FC6}.Release|Any CPU.Build.0 = Release|Any CPU
		{9F2AAFC8-B4A2-49A0-8E1F-7283E3DE0D67}.Debug|Any CPU.ActiveCfg = Debug|Any CPU
		{9F2AAFC8-B4A2-49A0-8E1F-7283E3DE0D67}.Debug|Any CPU.Build.0 = Debug|Any CPU
		{9F2AAFC8-B4A2-49A0-8E1F-7283E3DE0D67}.Release|Any CPU.ActiveCfg = Release|Any CPU
		{9F2AAFC8-B4A2-49A0-8E1F-7283E3DE0D67}.Release|Any CPU.Build.0 = Release|Any CPU
	EndGlobalSection
	GlobalSection(SolutionProperties) = preSolution
		HideSolutionNode = FALSE
	EndGlobalSection
EndGlobal
